// !$*UTF8*$!
{
	archiveVersion = 1;
	classes = {
	};
	objectVersion = 46;
	objects = {

/* Begin PBXBuildFile section */
		2D12948A1C345FA000CF7BC1 /* AppDelegate.swift in Sources */ = {isa = PBXBuildFile; fileRef = 2D1294891C345FA000CF7BC1 /* AppDelegate.swift */; };
		2D12948C1C345FA000CF7BC1 /* ViewController.swift in Sources */ = {isa = PBXBuildFile; fileRef = 2D12948B1C345FA000CF7BC1 /* ViewController.swift */; };
		2D12948F1C345FA000CF7BC1 /* Main.storyboard in Resources */ = {isa = PBXBuildFile; fileRef = 2D12948D1C345FA000CF7BC1 /* Main.storyboard */; };
		2D1294911C345FA000CF7BC1 /* Images.xcassets in Resources */ = {isa = PBXBuildFile; fileRef = 2D1294901C345FA000CF7BC1 /* Images.xcassets */; };
		2D1294941C345FA000CF7BC1 /* LaunchScreen.xib in Resources */ = {isa = PBXBuildFile; fileRef = 2D1294921C345FA000CF7BC1 /* LaunchScreen.xib */; };
		2D1294A01C345FA000CF7BC1 /* PLPTrailsTests.swift in Sources */ = {isa = PBXBuildFile; fileRef = 2D12949F1C345FA000CF7BC1 /* PLPTrailsTests.swift */; };
		2D2EFF261C486AAF009B4555 /* TrailDataGeoJSON.json in Resources */ = {isa = PBXBuildFile; fileRef = 2D2EFF251C486AAF009B4555 /* TrailDataGeoJSON.json */; };
		2D34002E1C3780F000B6E08E /* usermarker.png in Resources */ = {isa = PBXBuildFile; fileRef = 2D34002D1C3780F000B6E08E /* usermarker.png */; };
		2D3400311C3813F400B6E08E /* Model.xcdatamodeld in Sources */ = {isa = PBXBuildFile; fileRef = 2D34002F1C3813F400B6E08E /* Model.xcdatamodeld */; };
		2D48DED01C4DA7A30025D6DE /* OneShotLocationManager.swift in Sources */ = {isa = PBXBuildFile; fileRef = 2D48DECF1C4DA7A30025D6DE /* OneShotLocationManager.swift */; };
		2D4D7A3D1C49D80000B5EA19 /* SwiftyJSON.swift in Sources */ = {isa = PBXBuildFile; fileRef = 2D4D7A3C1C49D80000B5EA19 /* SwiftyJSON.swift */; };
		2D96B3E31C483A5D0038B71D /* KMLParser.m in Sources */ = {isa = PBXBuildFile; fileRef = 2D96B3E21C483A5D0038B71D /* KMLParser.m */; };
		2DDC67D81C48506D00B7DE58 /* TrailData082615.kml in Resources */ = {isa = PBXBuildFile; fileRef = 2DDC67D71C48506D00B7DE58 /* TrailData082615.kml */; };
		B9258B34A5FB1907D87A3C21 /* Pods_PLPTrails.framework in Frameworks */ = {isa = PBXBuildFile; fileRef = EEDBDCE82C6387FBCDAB8716 /* Pods_PLPTrails.framework */; };
/* End PBXBuildFile section */

/* Begin PBXContainerItemProxy section */
		2D12949A1C345FA000CF7BC1 /* PBXContainerItemProxy */ = {
			isa = PBXContainerItemProxy;
			containerPortal = 2D12947C1C345FA000CF7BC1 /* Project object */;
			proxyType = 1;
			remoteGlobalIDString = 2D1294831C345FA000CF7BC1;
			remoteInfo = PLPTrails;
		};
/* End PBXContainerItemProxy section */

/* Begin PBXFileReference section */
		2D1294841C345FA000CF7BC1 /* PLPTrails.app */ = {isa = PBXFileReference; explicitFileType = wrapper.application; includeInIndex = 0; path = PLPTrails.app; sourceTree = BUILT_PRODUCTS_DIR; };
		2D1294881C345FA000CF7BC1 /* Info.plist */ = {isa = PBXFileReference; lastKnownFileType = text.plist.xml; path = Info.plist; sourceTree = "<group>"; };
		2D1294891C345FA000CF7BC1 /* AppDelegate.swift */ = {isa = PBXFileReference; lastKnownFileType = sourcecode.swift; path = AppDelegate.swift; sourceTree = "<group>"; };
		2D12948B1C345FA000CF7BC1 /* ViewController.swift */ = {isa = PBXFileReference; lastKnownFileType = sourcecode.swift; path = ViewController.swift; sourceTree = "<group>"; };
		2D12948E1C345FA000CF7BC1 /* Base */ = {isa = PBXFileReference; lastKnownFileType = file.storyboard; name = Base; path = Base.lproj/Main.storyboard; sourceTree = "<group>"; };
		2D1294901C345FA000CF7BC1 /* Images.xcassets */ = {isa = PBXFileReference; lastKnownFileType = folder.assetcatalog; path = Images.xcassets; sourceTree = "<group>"; };
		2D1294931C345FA000CF7BC1 /* Base */ = {isa = PBXFileReference; lastKnownFileType = file.xib; name = Base; path = Base.lproj/LaunchScreen.xib; sourceTree = "<group>"; };
		2D1294991C345FA000CF7BC1 /* PLPTrailsTests.xctest */ = {isa = PBXFileReference; explicitFileType = wrapper.cfbundle; includeInIndex = 0; path = PLPTrailsTests.xctest; sourceTree = BUILT_PRODUCTS_DIR; };
		2D12949E1C345FA000CF7BC1 /* Info.plist */ = {isa = PBXFileReference; lastKnownFileType = text.plist.xml; path = Info.plist; sourceTree = "<group>"; };
		2D12949F1C345FA000CF7BC1 /* PLPTrailsTests.swift */ = {isa = PBXFileReference; lastKnownFileType = sourcecode.swift; path = PLPTrailsTests.swift; sourceTree = "<group>"; };
		2D2EFF251C486AAF009B4555 /* TrailDataGeoJSON.json */ = {isa = PBXFileReference; fileEncoding = 4; lastKnownFileType = text.json; path = TrailDataGeoJSON.json; sourceTree = "<group>"; };
		2D34002D1C3780F000B6E08E /* usermarker.png */ = {isa = PBXFileReference; lastKnownFileType = image.png; path = usermarker.png; sourceTree = "<group>"; };
		2D3400301C3813F400B6E08E /* Model.xcdatamodel */ = {isa = PBXFileReference; lastKnownFileType = wrapper.xcdatamodel; path = Model.xcdatamodel; sourceTree = "<group>"; };
		2D48DECF1C4DA7A30025D6DE /* OneShotLocationManager.swift */ = {isa = PBXFileReference; fileEncoding = 4; lastKnownFileType = sourcecode.swift; name = OneShotLocationManager.swift; path = "../../../../Downloads/OneShotLocationManager-master/OneShotLocationManager.swift"; sourceTree = "<group>"; };
		2D4D7A3C1C49D80000B5EA19 /* SwiftyJSON.swift */ = {isa = PBXFileReference; fileEncoding = 4; lastKnownFileType = sourcecode.swift; name = SwiftyJSON.swift; path = ../SwiftyJSON.swift; sourceTree = "<group>"; };
		2D96B3E01C483A5C0038B71D /* PLPTrails-Bridging-Header.h */ = {isa = PBXFileReference; lastKnownFileType = sourcecode.c.h; path = "PLPTrails-Bridging-Header.h"; sourceTree = "<group>"; };
		2D96B3E11C483A5D0038B71D /* KMLParser.h */ = {isa = PBXFileReference; fileEncoding = 4; lastKnownFileType = sourcecode.c.h; name = KMLParser.h; path = "../../../../Downloads/KMLViewer 2/Classes/KMLParser.h"; sourceTree = "<group>"; };
		2D96B3E21C483A5D0038B71D /* KMLParser.m */ = {isa = PBXFileReference; fileEncoding = 4; lastKnownFileType = sourcecode.c.objc; name = KMLParser.m; path = "../../../../Downloads/KMLViewer 2/Classes/KMLParser.m"; sourceTree = "<group>"; };
		2DDC67D71C48506D00B7DE58 /* TrailData082615.kml */ = {isa = PBXFileReference; fileEncoding = 4; lastKnownFileType = text.xml; path = TrailData082615.kml; sourceTree = "<group>"; };
		8918DC72DAD2E5E1B6D6F37A /* Pods-PLPTrails.release.xcconfig */ = {isa = PBXFileReference; includeInIndex = 1; lastKnownFileType = text.xcconfig; name = "Pods-PLPTrails.release.xcconfig"; path = "Pods/Target Support Files/Pods-PLPTrails/Pods-PLPTrails.release.xcconfig"; sourceTree = "<group>"; };
		A3A7FF3BEDFDBD95873F230E /* Pods-PLPTrails.debug.xcconfig */ = {isa = PBXFileReference; includeInIndex = 1; lastKnownFileType = text.xcconfig; name = "Pods-PLPTrails.debug.xcconfig"; path = "Pods/Target Support Files/Pods-PLPTrails/Pods-PLPTrails.debug.xcconfig"; sourceTree = "<group>"; };
		EEDBDCE82C6387FBCDAB8716 /* Pods_PLPTrails.framework */ = {isa = PBXFileReference; explicitFileType = wrapper.framework; includeInIndex = 0; path = Pods_PLPTrails.framework; sourceTree = BUILT_PRODUCTS_DIR; };
/* End PBXFileReference section */

/* Begin PBXFrameworksBuildPhase section */
		2D1294811C345FA000CF7BC1 /* Frameworks */ = {
			isa = PBXFrameworksBuildPhase;
			buildActionMask = 2147483647;
			files = (
				B9258B34A5FB1907D87A3C21 /* Pods_PLPTrails.framework in Frameworks */,
			);
			runOnlyForDeploymentPostprocessing = 0;
		};
		2D1294961C345FA000CF7BC1 /* Frameworks */ = {
			isa = PBXFrameworksBuildPhase;
			buildActionMask = 2147483647;
			files = (
			);
			runOnlyForDeploymentPostprocessing = 0;
		};
/* End PBXFrameworksBuildPhase section */

/* Begin PBXGroup section */
		2D12947B1C345FA000CF7BC1 = {
			isa = PBXGroup;
			children = (
				2D1294861C345FA000CF7BC1 /* PLPTrails */,
				2D12949C1C345FA000CF7BC1 /* PLPTrailsTests */,
				2D1294851C345FA000CF7BC1 /* Products */,
				FB2EBCD6E28A6E30CD0C3A5C /* Pods */,
				43411D2858B7D7F3BC8223FA /* Frameworks */,
			);
			sourceTree = "<group>";
		};
		2D1294851C345FA000CF7BC1 /* Products */ = {
			isa = PBXGroup;
			children = (
				2D1294841C345FA000CF7BC1 /* PLPTrails.app */,
				2D1294991C345FA000CF7BC1 /* PLPTrailsTests.xctest */,
			);
			name = Products;
			sourceTree = "<group>";
		};
		2D1294861C345FA000CF7BC1 /* PLPTrails */ = {
			isa = PBXGroup;
			children = (
				2D4D7A3C1C49D80000B5EA19 /* SwiftyJSON.swift */,
				2D48DECF1C4DA7A30025D6DE /* OneShotLocationManager.swift */,
				2D1294891C345FA000CF7BC1 /* AppDelegate.swift */,
				2D34002F1C3813F400B6E08E /* Model.xcdatamodeld */,
				2D12948B1C345FA000CF7BC1 /* ViewController.swift */,
				2D2EFF251C486AAF009B4555 /* TrailDataGeoJSON.json */,
				2DDC67D71C48506D00B7DE58 /* TrailData082615.kml */,
				2D12948D1C345FA000CF7BC1 /* Main.storyboard */,
				2D34002D1C3780F000B6E08E /* usermarker.png */,
				2D1294901C345FA000CF7BC1 /* Images.xcassets */,
				2D1294921C345FA000CF7BC1 /* LaunchScreen.xib */,
				2D96B3E11C483A5D0038B71D /* KMLParser.h */,
				2D96B3E21C483A5D0038B71D /* KMLParser.m */,
				2D1294871C345FA000CF7BC1 /* Supporting Files */,
				2D96B3E01C483A5C0038B71D /* PLPTrails-Bridging-Header.h */,
			);
			path = PLPTrails;
			sourceTree = "<group>";
		};
		2D1294871C345FA000CF7BC1 /* Supporting Files */ = {
			isa = PBXGroup;
			children = (
				2D1294881C345FA000CF7BC1 /* Info.plist */,
			);
			name = "Supporting Files";
			sourceTree = "<group>";
		};
		2D12949C1C345FA000CF7BC1 /* PLPTrailsTests */ = {
			isa = PBXGroup;
			children = (
				2D12949F1C345FA000CF7BC1 /* PLPTrailsTests.swift */,
				2D12949D1C345FA000CF7BC1 /* Supporting Files */,
			);
			path = PLPTrailsTests;
			sourceTree = "<group>";
		};
		2D12949D1C345FA000CF7BC1 /* Supporting Files */ = {
			isa = PBXGroup;
			children = (
				2D12949E1C345FA000CF7BC1 /* Info.plist */,
			);
			name = "Supporting Files";
			sourceTree = "<group>";
		};
		43411D2858B7D7F3BC8223FA /* Frameworks */ = {
			isa = PBXGroup;
			children = (
				EEDBDCE82C6387FBCDAB8716 /* Pods_PLPTrails.framework */,
			);
			name = Frameworks;
			sourceTree = "<group>";
		};
		FB2EBCD6E28A6E30CD0C3A5C /* Pods */ = {
			isa = PBXGroup;
			children = (
				A3A7FF3BEDFDBD95873F230E /* Pods-PLPTrails.debug.xcconfig */,
				8918DC72DAD2E5E1B6D6F37A /* Pods-PLPTrails.release.xcconfig */,
			);
			name = Pods;
			sourceTree = "<group>";
		};
/* End PBXGroup section */

/* Begin PBXNativeTarget section */
		2D1294831C345FA000CF7BC1 /* PLPTrails */ = {
			isa = PBXNativeTarget;
			buildConfigurationList = 2D1294A31C345FA000CF7BC1 /* Build configuration list for PBXNativeTarget "PLPTrails" */;
			buildPhases = (
				B641C774E00B46E05A266C0A /* Check Pods Manifest.lock */,
				2D1294801C345FA000CF7BC1 /* Sources */,
				2D1294811C345FA000CF7BC1 /* Frameworks */,
				2D1294821C345FA000CF7BC1 /* Resources */,
				24F7E29DBB77F7A534FED0C8 /* Embed Pods Frameworks */,
				9EDC863ABF677CDF5F80CED8 /* Copy Pods Resources */,
			);
			buildRules = (
			);
			dependencies = (
			);
			name = PLPTrails;
			productName = PLPTrails;
			productReference = 2D1294841C345FA000CF7BC1 /* PLPTrails.app */;
			productType = "com.apple.product-type.application";
		};
		2D1294981C345FA000CF7BC1 /* PLPTrailsTests */ = {
			isa = PBXNativeTarget;
			buildConfigurationList = 2D1294A61C345FA000CF7BC1 /* Build configuration list for PBXNativeTarget "PLPTrailsTests" */;
			buildPhases = (
				2D1294951C345FA000CF7BC1 /* Sources */,
				2D1294961C345FA000CF7BC1 /* Frameworks */,
				2D1294971C345FA000CF7BC1 /* Resources */,
			);
			buildRules = (
			);
			dependencies = (
				2D12949B1C345FA000CF7BC1 /* PBXTargetDependency */,
			);
			name = PLPTrailsTests;
			productName = PLPTrailsTests;
			productReference = 2D1294991C345FA000CF7BC1 /* PLPTrailsTests.xctest */;
			productType = "com.apple.product-type.bundle.unit-test";
		};
/* End PBXNativeTarget section */

/* Begin PBXProject section */
		2D12947C1C345FA000CF7BC1 /* Project object */ = {
			isa = PBXProject;
			attributes = {
				LastSwiftMigration = 0720;
				LastSwiftUpdateCheck = 0720;
				LastUpgradeCheck = 0720;
				ORGANIZATIONNAME = "Matthew Beatty";
				TargetAttributes = {
					2D1294831C345FA000CF7BC1 = {
						CreatedOnToolsVersion = 6.4;
						SystemCapabilities = {
							com.apple.BackgroundModes = {
								enabled = 1;
							};
						};
					};
					2D1294981C345FA000CF7BC1 = {
						CreatedOnToolsVersion = 6.4;
						TestTargetID = 2D1294831C345FA000CF7BC1;
					};
				};
			};
			buildConfigurationList = 2D12947F1C345FA000CF7BC1 /* Build configuration list for PBXProject "PLPTrails" */;
			compatibilityVersion = "Xcode 3.2";
			developmentRegion = English;
			hasScannedForEncodings = 0;
			knownRegions = (
				en,
				Base,
			);
			mainGroup = 2D12947B1C345FA000CF7BC1;
			productRefGroup = 2D1294851C345FA000CF7BC1 /* Products */;
			projectDirPath = "";
			projectRoot = "";
			targets = (
				2D1294831C345FA000CF7BC1 /* PLPTrails */,
				2D1294981C345FA000CF7BC1 /* PLPTrailsTests */,
			);
		};
/* End PBXProject section */

/* Begin PBXResourcesBuildPhase section */
		2D1294821C345FA000CF7BC1 /* Resources */ = {
			isa = PBXResourcesBuildPhase;
			buildActionMask = 2147483647;
			files = (
				2D12948F1C345FA000CF7BC1 /* Main.storyboard in Resources */,
				2D1294941C345FA000CF7BC1 /* LaunchScreen.xib in Resources */,
				2DDC67D81C48506D00B7DE58 /* TrailData082615.kml in Resources */,
				2D34002E1C3780F000B6E08E /* usermarker.png in Resources */,
				2D2EFF261C486AAF009B4555 /* TrailDataGeoJSON.json in Resources */,
				2D1294911C345FA000CF7BC1 /* Images.xcassets in Resources */,
			);
			runOnlyForDeploymentPostprocessing = 0;
		};
		2D1294971C345FA000CF7BC1 /* Resources */ = {
			isa = PBXResourcesBuildPhase;
			buildActionMask = 2147483647;
			files = (
			);
			runOnlyForDeploymentPostprocessing = 0;
		};
/* End PBXResourcesBuildPhase section */

/* Begin PBXShellScriptBuildPhase section */
		24F7E29DBB77F7A534FED0C8 /* Embed Pods Frameworks */ = {
			isa = PBXShellScriptBuildPhase;
			buildActionMask = 2147483647;
			files = (
			);
			inputPaths = (
			);
			name = "Embed Pods Frameworks";
			outputPaths = (
			);
			runOnlyForDeploymentPostprocessing = 0;
			shellPath = /bin/sh;
			shellScript = "\"${SRCROOT}/Pods/Target Support Files/Pods-PLPTrails/Pods-PLPTrails-frameworks.sh\"\n";
			showEnvVarsInLog = 0;
		};
		9EDC863ABF677CDF5F80CED8 /* Copy Pods Resources */ = {
			isa = PBXShellScriptBuildPhase;
			buildActionMask = 2147483647;
			files = (
			);
			inputPaths = (
			);
			name = "Copy Pods Resources";
			outputPaths = (
			);
			runOnlyForDeploymentPostprocessing = 0;
			shellPath = /bin/sh;
			shellScript = "\"${SRCROOT}/Pods/Target Support Files/Pods-PLPTrails/Pods-PLPTrails-resources.sh\"\n";
			showEnvVarsInLog = 0;
		};
		B641C774E00B46E05A266C0A /* Check Pods Manifest.lock */ = {
			isa = PBXShellScriptBuildPhase;
			buildActionMask = 2147483647;
			files = (
			);
			inputPaths = (
			);
			name = "Check Pods Manifest.lock";
			outputPaths = (
			);
			runOnlyForDeploymentPostprocessing = 0;
			shellPath = /bin/sh;
			shellScript = "diff \"${PODS_ROOT}/../Podfile.lock\" \"${PODS_ROOT}/Manifest.lock\" > /dev/null\nif [[ $? != 0 ]] ; then\n    cat << EOM\nerror: The sandbox is not in sync with the Podfile.lock. Run 'pod install' or update your CocoaPods installation.\nEOM\n    exit 1\nfi\n";
			showEnvVarsInLog = 0;
		};
/* End PBXShellScriptBuildPhase section */

/* Begin PBXSourcesBuildPhase section */
		2D1294801C345FA000CF7BC1 /* Sources */ = {
			isa = PBXSourcesBuildPhase;
			buildActionMask = 2147483647;
			files = (
				2D12948C1C345FA000CF7BC1 /* ViewController.swift in Sources */,
				2D48DED01C4DA7A30025D6DE /* OneShotLocationManager.swift in Sources */,
				2D12948A1C345FA000CF7BC1 /* AppDelegate.swift in Sources */,
				2D3400311C3813F400B6E08E /* Model.xcdatamodeld in Sources */,
				2D4D7A3D1C49D80000B5EA19 /* SwiftyJSON.swift in Sources */,
				2D96B3E31C483A5D0038B71D /* KMLParser.m in Sources */,
			);
			runOnlyForDeploymentPostprocessing = 0;
		};
		2D1294951C345FA000CF7BC1 /* Sources */ = {
			isa = PBXSourcesBuildPhase;
			buildActionMask = 2147483647;
			files = (
				2D1294A01C345FA000CF7BC1 /* PLPTrailsTests.swift in Sources */,
			);
			runOnlyForDeploymentPostprocessing = 0;
		};
/* End PBXSourcesBuildPhase section */

/* Begin PBXTargetDependency section */
		2D12949B1C345FA000CF7BC1 /* PBXTargetDependency */ = {
			isa = PBXTargetDependency;
			target = 2D1294831C345FA000CF7BC1 /* PLPTrails */;
			targetProxy = 2D12949A1C345FA000CF7BC1 /* PBXContainerItemProxy */;
		};
/* End PBXTargetDependency section */

/* Begin PBXVariantGroup section */
		2D12948D1C345FA000CF7BC1 /* Main.storyboard */ = {
			isa = PBXVariantGroup;
			children = (
				2D12948E1C345FA000CF7BC1 /* Base */,
			);
			name = Main.storyboard;
			sourceTree = "<group>";
		};
		2D1294921C345FA000CF7BC1 /* LaunchScreen.xib */ = {
			isa = PBXVariantGroup;
			children = (
				2D1294931C345FA000CF7BC1 /* Base */,
			);
			name = LaunchScreen.xib;
			sourceTree = "<group>";
		};
/* End PBXVariantGroup section */

/* Begin XCBuildConfiguration section */
		2D1294A11C345FA000CF7BC1 /* Debug */ = {
			isa = XCBuildConfiguration;
			buildSettings = {
				ALWAYS_SEARCH_USER_PATHS = NO;
				CLANG_CXX_LANGUAGE_STANDARD = "gnu++0x";
				CLANG_CXX_LIBRARY = "libc++";
				CLANG_ENABLE_MODULES = YES;
				CLANG_ENABLE_OBJC_ARC = YES;
				CLANG_WARN_BOOL_CONVERSION = YES;
				CLANG_WARN_CONSTANT_CONVERSION = YES;
				CLANG_WARN_DIRECT_OBJC_ISA_USAGE = YES_ERROR;
				CLANG_WARN_EMPTY_BODY = YES;
				CLANG_WARN_ENUM_CONVERSION = YES;
				CLANG_WARN_INT_CONVERSION = YES;
				CLANG_WARN_OBJC_ROOT_CLASS = YES_ERROR;
				CLANG_WARN_UNREACHABLE_CODE = YES;
				CLANG_WARN__DUPLICATE_METHOD_MATCH = YES;
				"CODE_SIGN_IDENTITY[sdk=iphoneos*]" = "iPhone Developer";
				COPY_PHASE_STRIP = NO;
				DEBUG_INFORMATION_FORMAT = "dwarf-with-dsym";
				ENABLE_STRICT_OBJC_MSGSEND = YES;
				ENABLE_TESTABILITY = YES;
				GCC_C_LANGUAGE_STANDARD = gnu99;
				GCC_DYNAMIC_NO_PIC = NO;
				GCC_NO_COMMON_BLOCKS = YES;
				GCC_OPTIMIZATION_LEVEL = 0;
				GCC_PREPROCESSOR_DEFINITIONS = (
					"DEBUG=1",
					"$(inherited)",
				);
				GCC_SYMBOLS_PRIVATE_EXTERN = NO;
				GCC_WARN_64_TO_32_BIT_CONVERSION = YES;
				GCC_WARN_ABOUT_RETURN_TYPE = YES_ERROR;
				GCC_WARN_UNDECLARED_SELECTOR = YES;
				GCC_WARN_UNINITIALIZED_AUTOS = YES_AGGRESSIVE;
				GCC_WARN_UNUSED_FUNCTION = YES;
				GCC_WARN_UNUSED_VARIABLE = YES;
				IPHONEOS_DEPLOYMENT_TARGET = 8.4;
				MTL_ENABLE_DEBUG_INFO = YES;
				ONLY_ACTIVE_ARCH = YES;
				SDKROOT = iphoneos;
				SWIFT_OPTIMIZATION_LEVEL = "-Onone";
				TARGETED_DEVICE_FAMILY = "1,2";
			};
			name = Debug;
		};
		2D1294A21C345FA000CF7BC1 /* Release */ = {
			isa = XCBuildConfiguration;
			buildSettings = {
				ALWAYS_SEARCH_USER_PATHS = NO;
				CLANG_CXX_LANGUAGE_STANDARD = "gnu++0x";
				CLANG_CXX_LIBRARY = "libc++";
				CLANG_ENABLE_MODULES = YES;
				CLANG_ENABLE_OBJC_ARC = YES;
				CLANG_WARN_BOOL_CONVERSION = YES;
				CLANG_WARN_CONSTANT_CONVERSION = YES;
				CLANG_WARN_DIRECT_OBJC_ISA_USAGE = YES_ERROR;
				CLANG_WARN_EMPTY_BODY = YES;
				CLANG_WARN_ENUM_CONVERSION = YES;
				CLANG_WARN_INT_CONVERSION = YES;
				CLANG_WARN_OBJC_ROOT_CLASS = YES_ERROR;
				CLANG_WARN_UNREACHABLE_CODE = YES;
				CLANG_WARN__DUPLICATE_METHOD_MATCH = YES;
				"CODE_SIGN_IDENTITY[sdk=iphoneos*]" = "iPhone Developer";
				COPY_PHASE_STRIP = NO;
				DEBUG_INFORMATION_FORMAT = "dwarf-with-dsym";
				ENABLE_NS_ASSERTIONS = NO;
				ENABLE_STRICT_OBJC_MSGSEND = YES;
				GCC_C_LANGUAGE_STANDARD = gnu99;
				GCC_NO_COMMON_BLOCKS = YES;
				GCC_WARN_64_TO_32_BIT_CONVERSION = YES;
				GCC_WARN_ABOUT_RETURN_TYPE = YES_ERROR;
				GCC_WARN_UNDECLARED_SELECTOR = YES;
				GCC_WARN_UNINITIALIZED_AUTOS = YES_AGGRESSIVE;
				GCC_WARN_UNUSED_FUNCTION = YES;
				GCC_WARN_UNUSED_VARIABLE = YES;
				IPHONEOS_DEPLOYMENT_TARGET = 8.4;
				MTL_ENABLE_DEBUG_INFO = NO;
				SDKROOT = iphoneos;
				TARGETED_DEVICE_FAMILY = "1,2";
				VALIDATE_PRODUCT = YES;
			};
			name = Release;
		};
		2D1294A41C345FA000CF7BC1 /* Debug */ = {
			isa = XCBuildConfiguration;
			baseConfigurationReference = A3A7FF3BEDFDBD95873F230E /* Pods-PLPTrails.debug.xcconfig */;
			buildSettings = {
				ASSETCATALOG_COMPILER_APPICON_NAME = AppIcon;
				CLANG_ENABLE_MODULES = YES;
				INFOPLIST_FILE = PLPTrails/Info.plist;
				LD_RUNPATH_SEARCH_PATHS = "$(inherited) @executable_path/Frameworks";
				PRODUCT_BUNDLE_IDENTIFIER = "testing.$(PRODUCT_NAME:rfc1034identifier)";
				PRODUCT_NAME = "$(TARGET_NAME)";
				SWIFT_OBJC_BRIDGING_HEADER = "PLPTrails/PLPTrails-Bridging-Header.h";
				SWIFT_OPTIMIZATION_LEVEL = "-Onone";
			};
			name = Debug;
		};
		2D1294A51C345FA000CF7BC1 /* Release */ = {
			isa = XCBuildConfiguration;
			baseConfigurationReference = 8918DC72DAD2E5E1B6D6F37A /* Pods-PLPTrails.release.xcconfig */;
			buildSettings = {
				ASSETCATALOG_COMPILER_APPICON_NAME = AppIcon;
				CLANG_ENABLE_MODULES = YES;
				INFOPLIST_FILE = PLPTrails/Info.plist;
				LD_RUNPATH_SEARCH_PATHS = "$(inherited) @executable_path/Frameworks";
				PRODUCT_BUNDLE_IDENTIFIER = "testing.$(PRODUCT_NAME:rfc1034identifier)";
				PRODUCT_NAME = "$(TARGET_NAME)";
				SWIFT_OBJC_BRIDGING_HEADER = "PLPTrails/PLPTrails-Bridging-Header.h";
			};
			name = Release;
		};
		2D1294A71C345FA000CF7BC1 /* Debug */ = {
			isa = XCBuildConfiguration;
			buildSettings = {
				BUNDLE_LOADER = "$(TEST_HOST)";
				FRAMEWORK_SEARCH_PATHS = (
					"$(SDKROOT)/Developer/Library/Frameworks",
					"$(inherited)",
				);
				GCC_PREPROCESSOR_DEFINITIONS = (
					"DEBUG=1",
					"$(inherited)",
				);
				INFOPLIST_FILE = PLPTrailsTests/Info.plist;
				LD_RUNPATH_SEARCH_PATHS = "$(inherited) @executable_path/Frameworks @loader_path/Frameworks";
				PRODUCT_BUNDLE_IDENTIFIER = "testing.$(PRODUCT_NAME:rfc1034identifier)";
				PRODUCT_NAME = "$(TARGET_NAME)";
				TEST_HOST = "$(BUILT_PRODUCTS_DIR)/PLPTrails.app/PLPTrails";
			};
			name = Debug;
		};
		2D1294A81C345FA000CF7BC1 /* Release */ = {
			isa = XCBuildConfiguration;
			buildSettings = {
				BUNDLE_LOADER = "$(TEST_HOST)";
				FRAMEWORK_SEARCH_PATHS = (
					"$(SDKROOT)/Developer/Library/Frameworks",
					"$(inherited)",
				);
				INFOPLIST_FILE = PLPTrailsTests/Info.plist;
				LD_RUNPATH_SEARCH_PATHS = "$(inherited) @executable_path/Frameworks @loader_path/Frameworks";
				PRODUCT_BUNDLE_IDENTIFIER = "testing.$(PRODUCT_NAME:rfc1034identifier)";
				PRODUCT_NAME = "$(TARGET_NAME)";
				TEST_HOST = "$(BUILT_PRODUCTS_DIR)/PLPTrails.app/PLPTrails";
			};
			name = Release;
		};
/* End XCBuildConfiguration section */

/* Begin XCConfigurationList section */
		2D12947F1C345FA000CF7BC1 /* Build configuration list for PBXProject "PLPTrails" */ = {
			isa = XCConfigurationList;
			buildConfigurations = (
				2D1294A11C345FA000CF7BC1 /* Debug */,
				2D1294A21C345FA000CF7BC1 /* Release */,
			);
			defaultConfigurationIsVisible = 0;
			defaultConfigurationName = Release;
		};
		2D1294A31C345FA000CF7BC1 /* Build configuration list for PBXNativeTarget "PLPTrails" */ = {
			isa = XCConfigurationList;
			buildConfigurations = (
				2D1294A41C345FA000CF7BC1 /* Debug */,
				2D1294A51C345FA000CF7BC1 /* Release */,
			);
			defaultConfigurationIsVisible = 0;
			defaultConfigurationName = Release;
		};
		2D1294A61C345FA000CF7BC1 /* Build configuration list for PBXNativeTarget "PLPTrailsTests" */ = {
			isa = XCConfigurationList;
			buildConfigurations = (
				2D1294A71C345FA000CF7BC1 /* Debug */,
				2D1294A81C345FA000CF7BC1 /* Release */,
			);
			defaultConfigurationIsVisible = 0;
			defaultConfigurationName = Release;
		};
/* End XCConfigurationList section */

/* Begin XCVersionGroup section */
		2D34002F1C3813F400B6E08E /* Model.xcdatamodeld */ = {
			isa = XCVersionGroup;
			children = (
				2D3400301C3813F400B6E08E /* Model.xcdatamodel */,
			);
			currentVersion = 2D3400301C3813F400B6E08E /* Model.xcdatamodel */;
			path = Model.xcdatamodeld;
			sourceTree = "<group>";
			versionGroupType = wrapper.xcdatamodel;
		};
/* End XCVersionGroup section */
	};
	rootObject = 2D12947C1C345FA000CF7BC1 /* Project object */;
}
